
Microsoft Visual Studio Solution File, Format Version 12.00
# Visual Studio 15
VisualStudioVersion = 15.0.28307.271
MinimumVisualStudioVersion = 10.0.40219.1
Project("{FAE04EC0-301F-11D3-BF4B-00C04F79EFBC}") = "CYOA Summative", "CYOA Summative\CYOA Summative.csproj", "{05D76E8D-C8C9-4F61-9A1A-29BEA7437860}"
EndProject
Global
	GlobalSection(SolutionConfigurationPlatforms) = preSolution
		Debug|Any CPU = Debug|Any CPU
		Release|Any CPU = Release|Any CPU
	EndGlobalSection
	GlobalSection(ProjectConfigurationPlatforms) = postSolution
		{05D76E8D-C8C9-4F61-9A1A-29BEA7437860}.Debug|Any CPU.ActiveCfg = Debug|Any CPU
		{05D76E8D-C8C9-4F61-9A1A-29BEA7437860}.Debug|Any CPU.Build.0 = Debug|Any CPU
		{05D76E8D-C8C9-4F61-9A1A-29BEA7437860}.Release|Any CPU.ActiveCfg = Release|Any CPU
		{05D76E8D-C8C9-4F61-9A1A-29BEA7437860}.Release|Any CPU.Build.0 = Release|Any CPU
	EndGlobalSection
	GlobalSection(SolutionProperties) = preSolution
		HideSolutionNode = FALSE
	EndGlobalSection
	GlobalSection(ExtensibilityGlobals) = postSolution
		SolutionGuid = {2983B4E4-2AE6-44D0-AB54-23274385E7AF}
	EndGlobalSection
EndGlobal
